
Microsoft Visual Studio Solution File, Format Version 12.00
# Visual Studio Version 17
VisualStudioVersion = 17.3.32505.426
MinimumVisualStudioVersion = 10.0.40219.1
Project("{FAE04EC0-301F-11D3-BF4B-00C04F79EFBC}") = "pcso-barbs-api", "pcso-barbs-api.csproj", "{D7258971-F3D3-44EC-9ABB-E1015401A2EC}"
EndProject
Global
	GlobalSection(SolutionConfigurationPlatforms) = preSolution
		Debug|Any CPU = Debug|Any CPU
		Release|Any CPU = Release|Any CPU
	EndGlobalSection
	GlobalSection(ProjectConfigurationPlatforms) = postSolution
		{D7258971-F3D3-44EC-9ABB-E1015401A2EC}.Debug|Any CPU.ActiveCfg = Debug|Any CPU
		{D7258971-F3D3-44EC-9ABB-E1015401A2EC}.Debug|Any CPU.Build.0 = Debug|Any CPU
		{D7258971-F3D3-44EC-9ABB-E1015401A2EC}.Release|Any CPU.ActiveCfg = Release|Any CPU
		{D7258971-F3D3-44EC-9ABB-E1015401A2EC}.Release|Any CPU.Build.0 = Release|Any CPU
	EndGlobalSection
	GlobalSection(SolutionProperties) = preSolution
		HideSolutionNode = FALSE
	EndGlobalSection
	GlobalSection(ExtensibilityGlobals) = postSolution
		SolutionGuid = {3E01F146-41D9-41C5-B6ED-D678BB21A99F}
	EndGlobalSection
EndGlobal
